// !$*UTF8*$!
{
	archiveVersion = 1;
	classes = {
	};
	objectVersion = 46;
	objects = {

/* Begin PBXBuildFile section */
		77E505821C90348500A6A27B /* AppDelegate.swift in Sources */ = {isa = PBXBuildFile; fileRef = 77E505811C90348500A6A27B /* AppDelegate.swift */; };
		77E505841C90348500A6A27B /* ViewController.swift in Sources */ = {isa = PBXBuildFile; fileRef = 77E505831C90348500A6A27B /* ViewController.swift */; };
		77E505861C90348500A6A27B /* Assets.xcassets in Resources */ = {isa = PBXBuildFile; fileRef = 77E505851C90348500A6A27B /* Assets.xcassets */; };
		77E505891C90348500A6A27B /* Main.storyboard in Resources */ = {isa = PBXBuildFile; fileRef = 77E505871C90348500A6A27B /* Main.storyboard */; };
		77E505911C9034A200A6A27B /* RandomUtils.swift in Sources */ = {isa = PBXBuildFile; fileRef = 77E505901C9034A200A6A27B /* RandomUtils.swift */; };
		77E505931C918BEF00A6A27B /* SobolRandom.swift in Sources */ = {isa = PBXBuildFile; fileRef = 77E505921C918BEF00A6A27B /* SobolRandom.swift */; };
		77E505971C918D7F00A6A27B /* sobol.c in Sources */ = {isa = PBXBuildFile; fileRef = 77E505951C918D7F00A6A27B /* sobol.c */; };
		77E5059F1C92E07F00A6A27B /* HaltonRandom.swift in Sources */ = {isa = PBXBuildFile; fileRef = 77E5059E1C92E07F00A6A27B /* HaltonRandom.swift */; };
/* End PBXBuildFile section */

/* Begin PBXFileReference section */
		77E5057E1C90348500A6A27B /* RandomTester.app */ = {isa = PBXFileReference; explicitFileType = wrapper.application; includeInIndex = 0; path = RandomTester.app; sourceTree = BUILT_PRODUCTS_DIR; };
		77E505811C90348500A6A27B /* AppDelegate.swift */ = {isa = PBXFileReference; lastKnownFileType = sourcecode.swift; path = AppDelegate.swift; sourceTree = "<group>"; };
		77E505831C90348500A6A27B /* ViewController.swift */ = {isa = PBXFileReference; lastKnownFileType = sourcecode.swift; path = ViewController.swift; sourceTree = "<group>"; };
		77E505851C90348500A6A27B /* Assets.xcassets */ = {isa = PBXFileReference; lastKnownFileType = folder.assetcatalog; path = Assets.xcassets; sourceTree = "<group>"; };
		77E505881C90348500A6A27B /* Base */ = {isa = PBXFileReference; lastKnownFileType = file.storyboard; name = Base; path = Base.lproj/Main.storyboard; sourceTree = "<group>"; };
		77E5058A1C90348500A6A27B /* Info.plist */ = {isa = PBXFileReference; lastKnownFileType = text.plist.xml; path = Info.plist; sourceTree = "<group>"; };
		77E505901C9034A200A6A27B /* RandomUtils.swift */ = {isa = PBXFileReference; fileEncoding = 4; lastKnownFileType = sourcecode.swift; path = RandomUtils.swift; sourceTree = "<group>"; };
		77E505921C918BEF00A6A27B /* SobolRandom.swift */ = {isa = PBXFileReference; fileEncoding = 4; lastKnownFileType = sourcecode.swift; path = SobolRandom.swift; sourceTree = "<group>"; };
		77E505941C918D7F00A6A27B /* RandomTester-Bridging-Header.h */ = {isa = PBXFileReference; lastKnownFileType = sourcecode.c.h; path = "RandomTester-Bridging-Header.h"; sourceTree = "<group>"; };
		77E505951C918D7F00A6A27B /* sobol.c */ = {isa = PBXFileReference; fileEncoding = 4; lastKnownFileType = sourcecode.c.c; path = sobol.c; sourceTree = "<group>"; };
		77E505961C918D7F00A6A27B /* sobol.h */ = {isa = PBXFileReference; fileEncoding = 4; lastKnownFileType = sourcecode.c.h; path = sobol.h; sourceTree = "<group>"; };
		77E5059E1C92E07F00A6A27B /* HaltonRandom.swift */ = {isa = PBXFileReference; fileEncoding = 4; lastKnownFileType = sourcecode.swift; path = HaltonRandom.swift; sourceTree = "<group>"; };
/* End PBXFileReference section */

/* Begin PBXFrameworksBuildPhase section */
		77E5057B1C90348500A6A27B /* Frameworks */ = {
			isa = PBXFrameworksBuildPhase;
			buildActionMask = 2147483647;
			files = (
			);
			runOnlyForDeploymentPostprocessing = 0;
		};
/* End PBXFrameworksBuildPhase section */

/* Begin PBXGroup section */
		77E505751C90348500A6A27B = {
			isa = PBXGroup;
			children = (
				77E505801C90348500A6A27B /* RandomTester */,
				77E5057F1C90348500A6A27B /* Products */,
			);
			sourceTree = "<group>";
		};
		77E5057F1C90348500A6A27B /* Products */ = {
			isa = PBXGroup;
			children = (
				77E5057E1C90348500A6A27B /* RandomTester.app */,
			);
			name = Products;
			sourceTree = "<group>";
		};
		77E505801C90348500A6A27B /* RandomTester */ = {
			isa = PBXGroup;
			children = (
				77E505811C90348500A6A27B /* AppDelegate.swift */,
				77E505831C90348500A6A27B /* ViewController.swift */,
				77E505901C9034A200A6A27B /* RandomUtils.swift */,
				77E505921C918BEF00A6A27B /* SobolRandom.swift */,
				77E5059E1C92E07F00A6A27B /* HaltonRandom.swift */,
				77E505951C918D7F00A6A27B /* sobol.c */,
				77E505961C918D7F00A6A27B /* sobol.h */,
				77E505851C90348500A6A27B /* Assets.xcassets */,
				77E505871C90348500A6A27B /* Main.storyboard */,
				77E5058A1C90348500A6A27B /* Info.plist */,
				77E505941C918D7F00A6A27B /* RandomTester-Bridging-Header.h */,
			);
			path = RandomTester;
			sourceTree = "<group>";
		};
/* End PBXGroup section */

/* Begin PBXNativeTarget section */
		77E5057D1C90348500A6A27B /* RandomTester */ = {
			isa = PBXNativeTarget;
			buildConfigurationList = 77E5058D1C90348500A6A27B /* Build configuration list for PBXNativeTarget "RandomTester" */;
			buildPhases = (
				77E5057A1C90348500A6A27B /* Sources */,
				77E5057B1C90348500A6A27B /* Frameworks */,
				77E5057C1C90348500A6A27B /* Resources */,
			);
			buildRules = (
			);
			dependencies = (
			);
			name = RandomTester;
			productName = RandomTester;
			productReference = 77E5057E1C90348500A6A27B /* RandomTester.app */;
			productType = "com.apple.product-type.application";
		};
/* End PBXNativeTarget section */

/* Begin PBXProject section */
		77E505761C90348500A6A27B /* Project object */ = {
			isa = PBXProject;
			attributes = {
				LastSwiftUpdateCheck = 0720;
				LastUpgradeCheck = 0720;
				ORGANIZATIONNAME = "The App Academy";
				TargetAttributes = {
					77E5057D1C90348500A6A27B = {
						CreatedOnToolsVersion = 7.2.1;
					};
				};
			};
			buildConfigurationList = 77E505791C90348500A6A27B /* Build configuration list for PBXProject "RandomTester" */;
			compatibilityVersion = "Xcode 3.2";
			developmentRegion = English;
			hasScannedForEncodings = 0;
			knownRegions = (
				en,
				Base,
			);
			mainGroup = 77E505751C90348500A6A27B;
			productRefGroup = 77E5057F1C90348500A6A27B /* Products */;
			projectDirPath = "";
			projectRoot = "";
			targets = (
				77E5057D1C90348500A6A27B /* RandomTester */,
			);
		};
/* End PBXProject section */

/* Begin PBXResourcesBuildPhase section */
		77E5057C1C90348500A6A27B /* Resources */ = {
			isa = PBXResourcesBuildPhase;
			buildActionMask = 2147483647;
			files = (
				77E505861C90348500A6A27B /* Assets.xcassets in Resources */,
				77E505891C90348500A6A27B /* Main.storyboard in Resources */,
			);
			runOnlyForDeploymentPostprocessing = 0;
		};
/* End PBXResourcesBuildPhase section */

/* Begin PBXSourcesBuildPhase section */
		77E5057A1C90348500A6A27B /* Sources */ = {
			isa = PBXSourcesBuildPhase;
			buildActionMask = 2147483647;
			files = (
				77E505931C918BEF00A6A27B /* SobolRandom.swift in Sources */,
				77E505841C90348500A6A27B /* ViewController.swift in Sources */,
				77E5059F1C92E07F00A6A27B /* HaltonRandom.swift in Sources */,
				77E505821C90348500A6A27B /* AppDelegate.swift in Sources */,
				77E505911C9034A200A6A27B /* RandomUtils.swift in Sources */,
				77E505971C918D7F00A6A27B /* sobol.c in Sources */,
			);
			runOnlyForDeploymentPostprocessing = 0;
		};
/* End PBXSourcesBuildPhase section */

/* Begin PBXVariantGroup section */
		77E505871C90348500A6A27B /* Main.storyboard */ = {
			isa = PBXVariantGroup;
			children = (
				77E505881C90348500A6A27B /* Base */,
			);
			name = Main.storyboard;
			sourceTree = "<group>";
		};
/* End PBXVariantGroup section */

/* Begin XCBuildConfiguration section */
		77E5058B1C90348500A6A27B /* Debug */ = {
			isa = XCBuildConfiguration;
			buildSettings = {
				ALWAYS_SEARCH_USER_PATHS = NO;
				CLANG_CXX_LANGUAGE_STANDARD = "gnu++0x";
				CLANG_CXX_LIBRARY = "libc++";
				CLANG_ENABLE_MODULES = YES;
				CLANG_ENABLE_OBJC_ARC = YES;
				CLANG_WARN_BOOL_CONVERSION = YES;
				CLANG_WARN_CONSTANT_CONVERSION = YES;
				CLANG_WARN_DIRECT_OBJC_ISA_USAGE = YES_ERROR;
				CLANG_WARN_EMPTY_BODY = YES;
				CLANG_WARN_ENUM_CONVERSION = YES;
				CLANG_WARN_INT_CONVERSION = YES;
				CLANG_WARN_OBJC_ROOT_CLASS = YES_ERROR;
				CLANG_WARN_UNREACHABLE_CODE = YES;
				CLANG_WARN__DUPLICATE_METHOD_MATCH = YES;
				CODE_SIGN_IDENTITY = "-";
				COPY_PHASE_STRIP = NO;
				DEBUG_INFORMATION_FORMAT = dwarf;
				ENABLE_STRICT_OBJC_MSGSEND = YES;
				ENABLE_TESTABILITY = YES;
				GCC_C_LANGUAGE_STANDARD = gnu99;
				GCC_DYNAMIC_NO_PIC = NO;
				GCC_NO_COMMON_BLOCKS = YES;
				GCC_OPTIMIZATION_LEVEL = 0;
				GCC_PREPROCESSOR_DEFINITIONS = (
					"DEBUG=1",
					"$(inherited)",
				);
				GCC_WARN_64_TO_32_BIT_CONVERSION = YES;
				GCC_WARN_ABOUT_RETURN_TYPE = YES_ERROR;
				GCC_WARN_UNDECLARED_SELECTOR = YES;
				GCC_WARN_UNINITIALIZED_AUTOS = YES_AGGRESSIVE;
				GCC_WARN_UNUSED_FUNCTION = YES;
				GCC_WARN_UNUSED_VARIABLE = YES;
				MACOSX_DEPLOYMENT_TARGET = 10.11;
				MTL_ENABLE_DEBUG_INFO = YES;
				ONLY_ACTIVE_ARCH = YES;
				SDKROOT = macosx;
				SWIFT_OPTIMIZATION_LEVEL = "-Onone";
			};
			name = Debug;
		};
		77E5058C1C90348500A6A27B /* Release */ = {
			isa = XCBuildConfiguration;
			buildSettings = {
				ALWAYS_SEARCH_USER_PATHS = NO;
				CLANG_CXX_LANGUAGE_STANDARD = "gnu++0x";
				CLANG_CXX_LIBRARY = "libc++";
				CLANG_ENABLE_MODULES = YES;
				CLANG_ENABLE_OBJC_ARC = YES;
				CLANG_WARN_BOOL_CONVERSION = YES;
				CLANG_WARN_CONSTANT_CONVERSION = YES;
				CLANG_WARN_DIRECT_OBJC_ISA_USAGE = YES_ERROR;
				CLANG_WARN_EMPTY_BODY = YES;
				CLANG_WARN_ENUM_CONVERSION = YES;
				CLANG_WARN_INT_CONVERSION = YES;
				CLANG_WARN_OBJC_ROOT_CLASS = YES_ERROR;
				CLANG_WARN_UNREACHABLE_CODE = YES;
				CLANG_WARN__DUPLICATE_METHOD_MATCH = YES;
				CODE_SIGN_IDENTITY = "-";
				COPY_PHASE_STRIP = NO;
				DEBUG_INFORMATION_FORMAT = "dwarf-with-dsym";
				ENABLE_NS_ASSERTIONS = NO;
				ENABLE_STRICT_OBJC_MSGSEND = YES;
				GCC_C_LANGUAGE_STANDARD = gnu99;
				GCC_NO_COMMON_BLOCKS = YES;
				GCC_WARN_64_TO_32_BIT_CONVERSION = YES;
				GCC_WARN_ABOUT_RETURN_TYPE = YES_ERROR;
				GCC_WARN_UNDECLARED_SELECTOR = YES;
				GCC_WARN_UNINITIALIZED_AUTOS = YES_AGGRESSIVE;
				GCC_WARN_UNUSED_FUNCTION = YES;
				GCC_WARN_UNUSED_VARIABLE = YES;
				MACOSX_DEPLOYMENT_TARGET = 10.11;
				MTL_ENABLE_DEBUG_INFO = NO;
				SDKROOT = macosx;
			};
			name = Release;
		};
		77E5058E1C90348500A6A27B /* Debug */ = {
			isa = XCBuildConfiguration;
			buildSettings = {
				ASSETCATALOG_COMPILER_APPICON_NAME = AppIcon;
				CLANG_ENABLE_MODULES = YES;
				COMBINE_HIDPI_IMAGES = YES;
				INFOPLIST_FILE = RandomTester/Info.plist;
				LD_RUNPATH_SEARCH_PATHS = "$(inherited) @executable_path/../Frameworks";
				PRODUCT_BUNDLE_IDENTIFIER = nl.theappacademy.RandomTester;
				PRODUCT_NAME = "$(TARGET_NAME)";
				SWIFT_OBJC_BRIDGING_HEADER = "RandomTester/RandomTester-Bridging-Header.h";
				SWIFT_OPTIMIZATION_LEVEL = "-Onone";
			};
			name = Debug;
		};
		77E5058F1C90348500A6A27B /* Release */ = {
			isa = XCBuildConfiguration;
			buildSettings = {
				ASSETCATALOG_COMPILER_APPICON_NAME = AppIcon;
				CLANG_ENABLE_MODULES = YES;
				COMBINE_HIDPI_IMAGES = YES;
				INFOPLIST_FILE = RandomTester/Info.plist;
				LD_RUNPATH_SEARCH_PATHS = "$(inherited) @executable_path/../Frameworks";
				PRODUCT_BUNDLE_IDENTIFIER = nl.theappacademy.RandomTester;
				PRODUCT_NAME = "$(TARGET_NAME)";
				SWIFT_OBJC_BRIDGING_HEADER = "RandomTester/RandomTester-Bridging-Header.h";
			};
			name = Release;
		};
/* End XCBuildConfiguration section */

/* Begin XCConfigurationList section */
		77E505791C90348500A6A27B /* Build configuration list for PBXProject "RandomTester" */ = {
			isa = XCConfigurationList;
			buildConfigurations = (
				77E5058B1C90348500A6A27B /* Debug */,
				77E5058C1C90348500A6A27B /* Release */,
			);
			defaultConfigurationIsVisible = 0;
			defaultConfigurationName = Release;
		};
		77E5058D1C90348500A6A27B /* Build configuration list for PBXNativeTarget "RandomTester" */ = {
			isa = XCConfigurationList;
			buildConfigurations = (
				77E5058E1C90348500A6A27B /* Debug */,
				77E5058F1C90348500A6A27B /* Release */,
			);
			defaultConfigurationIsVisible = 0;
		};
/* End XCConfigurationList section */
	};
	rootObject = 77E505761C90348500A6A27B /* Project object */;
}
